{
  "name": "theme-unoduetre",
  "version": "3.9.0",
  "lockfileVersion": 1,
  "requires": true,
  "dependencies": {
    "@types/node": {
      "version": "8.10.23",
      "resolved": "https://registry.npmjs.org/@types/node/-/node-8.10.23.tgz",
      "integrity": "sha512-aEp5ZTLr4mYhR9S85cJ+sEYkcsgFY10N1Si5m49iTAVzanZXOwp/pgw6ibFLKXxpflqm71aSWZCRtnTXXO56gA==",
      "dev": true
    },
    "@types/tinycolor2": {
      "version": "1.4.1",
      "resolved": "https://registry.npmjs.org/@types/tinycolor2/-/tinycolor2-1.4.1.tgz",
      "integrity": "sha512-25L/RL5tqZkquKXVHM1fM2bd23qjfbcPpAZ2N/H05Y45g3UEi+Hw8CbDV28shKY8gH1SHiLpZSxPI1lacqdpGg==",
      "dev": true
    },
    "tinycolor2": {
      "version": "1.4.1",
      "resolved": "https://registry.npmjs.org/tinycolor2/-/tinycolor2-1.4.1.tgz",
      "integrity": "sha1-9PrTM0R7wLB9TcjpIJ2POaisd+g=",
      "dev": true
    },
    "typescript": {
      "version": "3.0.1",
      "resolved": "https://registry.npmjs.org/typescript/-/typescript-3.0.1.tgz",
      "integrity": "sha512-zQIMOmC+372pC/CCVLqnQ0zSBiY7HHodU7mpQdjiZddek4GMj31I3dUJ7gAs9o65X7mnRma6OokOkc6f9jjfBg==",
      "dev": true
    }
  }
}
